// !$*UTF8*$!
{
	archiveVersion = 1;
	classes = {
	};
	objectVersion = 48;
	objects = {

/* Begin PBXBuildFile section */
		482DF9342003E45F003D16D7 /* Post.swift in Sources */ = {isa = PBXBuildFile; fileRef = 482DF9332003E45F003D16D7 /* Post.swift */; };
		482DF9362003E57D003D16D7 /* UserProfilePhotoCollectionViewCell.swift in Sources */ = {isa = PBXBuildFile; fileRef = 482DF9352003E57D003D16D7 /* UserProfilePhotoCollectionViewCell.swift */; };
		48AF6CF02007C98400B833CB /* CustomImageView.swift in Sources */ = {isa = PBXBuildFile; fileRef = 48AF6CEF2007C98400B833CB /* CustomImageView.swift */; };
		48AF6CF52007DD5700B833CB /* HomeFeedController.swift in Sources */ = {isa = PBXBuildFile; fileRef = 48AF6CF42007DD5700B833CB /* HomeFeedController.swift */; };
		48AF6CF82007DFCF00B833CB /* HomeFeedCell.swift in Sources */ = {isa = PBXBuildFile; fileRef = 48AF6CF72007DFCF00B833CB /* HomeFeedCell.swift */; };
		48AF6CFA200B2B3E00B833CB /* FirebaseDatabase+Extenstion.swift in Sources */ = {isa = PBXBuildFile; fileRef = 48AF6CF9200B2B3E00B833CB /* FirebaseDatabase+Extenstion.swift */; };
		48BEAD9E1FF2C1FA00BF689F /* AppDelegate.swift in Sources */ = {isa = PBXBuildFile; fileRef = 48BEAD9D1FF2C1FA00BF689F /* AppDelegate.swift */; };
		48BEADA01FF2C1FA00BF689F /* SignUpController.swift in Sources */ = {isa = PBXBuildFile; fileRef = 48BEAD9F1FF2C1FA00BF689F /* SignUpController.swift */; };
		48BEADA31FF2C1FA00BF689F /* Main.storyboard in Resources */ = {isa = PBXBuildFile; fileRef = 48BEADA11FF2C1FA00BF689F /* Main.storyboard */; };
		48BEADA51FF2C1FA00BF689F /* Assets.xcassets in Resources */ = {isa = PBXBuildFile; fileRef = 48BEADA41FF2C1FA00BF689F /* Assets.xcassets */; };
		48BEADA81FF2C1FA00BF689F /* LaunchScreen.storyboard in Resources */ = {isa = PBXBuildFile; fileRef = 48BEADA61FF2C1FA00BF689F /* LaunchScreen.storyboard */; };
		48BEADB21FF41C6500BF689F /* UIColor+Extension.swift in Sources */ = {isa = PBXBuildFile; fileRef = 48BEADB11FF41C6500BF689F /* UIColor+Extension.swift */; };
		48BEADB41FF41D1200BF689F /* UIView+Extension.swift in Sources */ = {isa = PBXBuildFile; fileRef = 48BEADB31FF41D1200BF689F /* UIView+Extension.swift */; };
		48BEADB61FF56A6500BF689F /* GoogleService-Info.plist in Resources */ = {isa = PBXBuildFile; fileRef = 48BEADB51FF56A6500BF689F /* GoogleService-Info.plist */; };
		48E6022B1FF8B63100E6C1A4 /* MainTabBarController.swift in Sources */ = {isa = PBXBuildFile; fileRef = 48E6022A1FF8B63100E6C1A4 /* MainTabBarController.swift */; };
		48E6022F1FF8B6CD00E6C1A4 /* UserProfileController.swift in Sources */ = {isa = PBXBuildFile; fileRef = 48E6022E1FF8B6CD00E6C1A4 /* UserProfileController.swift */; };
		48E602321FF8C2ED00E6C1A4 /* UserProfileHeader.swift in Sources */ = {isa = PBXBuildFile; fileRef = 48E602311FF8C2ED00E6C1A4 /* UserProfileHeader.swift */; };
		48E602351FF8C50B00E6C1A4 /* User.swift in Sources */ = {isa = PBXBuildFile; fileRef = 48E602341FF8C50B00E6C1A4 /* User.swift */; };
		48E6023A1FF90EF800E6C1A4 /* LoginController.swift in Sources */ = {isa = PBXBuildFile; fileRef = 48E602391FF90EF800E6C1A4 /* LoginController.swift */; };
		48E602401FFA79F300E6C1A4 /* PhotoSelectorController.swift in Sources */ = {isa = PBXBuildFile; fileRef = 48E6023F1FFA79F300E6C1A4 /* PhotoSelectorController.swift */; };
		48E602421FFA93D300E6C1A4 /* PhotoCell.swift in Sources */ = {isa = PBXBuildFile; fileRef = 48E602411FFA93D300E6C1A4 /* PhotoCell.swift */; };
		48E602441FFAB1B400E6C1A4 /* PhotoHeaderCell.swift in Sources */ = {isa = PBXBuildFile; fileRef = 48E602431FFAB1B400E6C1A4 /* PhotoHeaderCell.swift */; };
		48E60266200137F700E6C1A4 /* SharePhotoController.swift in Sources */ = {isa = PBXBuildFile; fileRef = 48E60265200137F700E6C1A4 /* SharePhotoController.swift */; };
		E67BC55B550811F8C78DA5F0 /* Pods_Instasnaps.framework in Frameworks */ = {isa = PBXBuildFile; fileRef = 6C5499D5368156772A13A532 /* Pods_Instasnaps.framework */; };
/* End PBXBuildFile section */

/* Begin PBXFileReference section */
		0C81A00BC4ECD9F8F37EEBCC /* Pods-Instasnaps.debug.xcconfig */ = {isa = PBXFileReference; includeInIndex = 1; lastKnownFileType = text.xcconfig; name = "Pods-Instasnaps.debug.xcconfig"; path = "Pods/Target Support Files/Pods-Instasnaps/Pods-Instasnaps.debug.xcconfig"; sourceTree = "<group>"; };
		482DF9332003E45F003D16D7 /* Post.swift */ = {isa = PBXFileReference; lastKnownFileType = sourcecode.swift; path = Post.swift; sourceTree = "<group>"; };
		482DF9352003E57D003D16D7 /* UserProfilePhotoCollectionViewCell.swift */ = {isa = PBXFileReference; lastKnownFileType = sourcecode.swift; path = UserProfilePhotoCollectionViewCell.swift; sourceTree = "<group>"; };
		48AF6CEF2007C98400B833CB /* CustomImageView.swift */ = {isa = PBXFileReference; lastKnownFileType = sourcecode.swift; path = CustomImageView.swift; sourceTree = "<group>"; };
		48AF6CF42007DD5700B833CB /* HomeFeedController.swift */ = {isa = PBXFileReference; lastKnownFileType = sourcecode.swift; path = HomeFeedController.swift; sourceTree = "<group>"; };
		48AF6CF72007DFCF00B833CB /* HomeFeedCell.swift */ = {isa = PBXFileReference; lastKnownFileType = sourcecode.swift; path = HomeFeedCell.swift; sourceTree = "<group>"; };
		48AF6CF9200B2B3E00B833CB /* FirebaseDatabase+Extenstion.swift */ = {isa = PBXFileReference; lastKnownFileType = sourcecode.swift; path = "FirebaseDatabase+Extenstion.swift"; sourceTree = "<group>"; };
		48BEAD9A1FF2C1FA00BF689F /* Instasnaps.app */ = {isa = PBXFileReference; explicitFileType = wrapper.application; includeInIndex = 0; path = Instasnaps.app; sourceTree = BUILT_PRODUCTS_DIR; };
		48BEAD9D1FF2C1FA00BF689F /* AppDelegate.swift */ = {isa = PBXFileReference; lastKnownFileType = sourcecode.swift; path = AppDelegate.swift; sourceTree = "<group>"; };
		48BEAD9F1FF2C1FA00BF689F /* SignUpController.swift */ = {isa = PBXFileReference; lastKnownFileType = sourcecode.swift; path = SignUpController.swift; sourceTree = "<group>"; };
		48BEADA21FF2C1FA00BF689F /* Base */ = {isa = PBXFileReference; lastKnownFileType = file.storyboard; name = Base; path = Base.lproj/Main.storyboard; sourceTree = "<group>"; };
		48BEADA41FF2C1FA00BF689F /* Assets.xcassets */ = {isa = PBXFileReference; lastKnownFileType = folder.assetcatalog; path = Assets.xcassets; sourceTree = "<group>"; };
		48BEADA71FF2C1FA00BF689F /* Base */ = {isa = PBXFileReference; lastKnownFileType = file.storyboard; name = Base; path = Base.lproj/LaunchScreen.storyboard; sourceTree = "<group>"; };
		48BEADA91FF2C1FA00BF689F /* Info.plist */ = {isa = PBXFileReference; lastKnownFileType = text.plist.xml; path = Info.plist; sourceTree = "<group>"; };
		48BEADB11FF41C6500BF689F /* UIColor+Extension.swift */ = {isa = PBXFileReference; lastKnownFileType = sourcecode.swift; path = "UIColor+Extension.swift"; sourceTree = "<group>"; };
		48BEADB31FF41D1200BF689F /* UIView+Extension.swift */ = {isa = PBXFileReference; lastKnownFileType = sourcecode.swift; path = "UIView+Extension.swift"; sourceTree = "<group>"; };
		48BEADB51FF56A6500BF689F /* GoogleService-Info.plist */ = {isa = PBXFileReference; fileEncoding = 4; lastKnownFileType = text.plist.xml; path = "GoogleService-Info.plist"; sourceTree = "<group>"; };
		48E6022A1FF8B63100E6C1A4 /* MainTabBarController.swift */ = {isa = PBXFileReference; lastKnownFileType = sourcecode.swift; path = MainTabBarController.swift; sourceTree = "<group>"; };
		48E6022E1FF8B6CD00E6C1A4 /* UserProfileController.swift */ = {isa = PBXFileReference; lastKnownFileType = sourcecode.swift; path = UserProfileController.swift; sourceTree = "<group>"; };
		48E602311FF8C2ED00E6C1A4 /* UserProfileHeader.swift */ = {isa = PBXFileReference; lastKnownFileType = sourcecode.swift; path = UserProfileHeader.swift; sourceTree = "<group>"; };
		48E602341FF8C50B00E6C1A4 /* User.swift */ = {isa = PBXFileReference; lastKnownFileType = sourcecode.swift; path = User.swift; sourceTree = "<group>"; };
		48E602391FF90EF800E6C1A4 /* LoginController.swift */ = {isa = PBXFileReference; lastKnownFileType = sourcecode.swift; path = LoginController.swift; sourceTree = "<group>"; };
		48E6023F1FFA79F300E6C1A4 /* PhotoSelectorController.swift */ = {isa = PBXFileReference; lastKnownFileType = sourcecode.swift; path = PhotoSelectorController.swift; sourceTree = "<group>"; };
		48E602411FFA93D300E6C1A4 /* PhotoCell.swift */ = {isa = PBXFileReference; lastKnownFileType = sourcecode.swift; path = PhotoCell.swift; sourceTree = "<group>"; };
		48E602431FFAB1B400E6C1A4 /* PhotoHeaderCell.swift */ = {isa = PBXFileReference; lastKnownFileType = sourcecode.swift; path = PhotoHeaderCell.swift; sourceTree = "<group>"; };
		48E60265200137F700E6C1A4 /* SharePhotoController.swift */ = {isa = PBXFileReference; lastKnownFileType = sourcecode.swift; path = SharePhotoController.swift; sourceTree = "<group>"; };
		6C5499D5368156772A13A532 /* Pods_Instasnaps.framework */ = {isa = PBXFileReference; explicitFileType = wrapper.framework; includeInIndex = 0; path = Pods_Instasnaps.framework; sourceTree = BUILT_PRODUCTS_DIR; };
		C5C2D0FEBFE2B8BB3735FC5A /* Pods-Instasnaps.release.xcconfig */ = {isa = PBXFileReference; includeInIndex = 1; lastKnownFileType = text.xcconfig; name = "Pods-Instasnaps.release.xcconfig"; path = "Pods/Target Support Files/Pods-Instasnaps/Pods-Instasnaps.release.xcconfig"; sourceTree = "<group>"; };
/* End PBXFileReference section */

/* Begin PBXFrameworksBuildPhase section */
		48BEAD971FF2C1FA00BF689F /* Frameworks */ = {
			isa = PBXFrameworksBuildPhase;
			buildActionMask = 2147483647;
			files = (
				E67BC55B550811F8C78DA5F0 /* Pods_Instasnaps.framework in Frameworks */,
			);
			runOnlyForDeploymentPostprocessing = 0;
		};
/* End PBXFrameworksBuildPhase section */

/* Begin PBXGroup section */
		3199756C88F9E6A9D88AC3F4 /* Pods */ = {
			isa = PBXGroup;
			children = (
				0C81A00BC4ECD9F8F37EEBCC /* Pods-Instasnaps.debug.xcconfig */,
				C5C2D0FEBFE2B8BB3735FC5A /* Pods-Instasnaps.release.xcconfig */,
			);
			name = Pods;
			sourceTree = "<group>";
		};
		48AF6CEE2007C96300B833CB /* FrameworkSubclass */ = {
			isa = PBXGroup;
			children = (
				48AF6CEF2007C98400B833CB /* CustomImageView.swift */,
			);
			name = FrameworkSubclass;
			sourceTree = "<group>";
		};
		48AF6CF12007DD3300B833CB /* HomeFeed */ = {
			isa = PBXGroup;
			children = (
				48AF6CF32007DD4600B833CB /* View */,
				48AF6CF22007DD3D00B833CB /* Controller */,
			);
			name = HomeFeed;
			sourceTree = "<group>";
		};
		48AF6CF22007DD3D00B833CB /* Controller */ = {
			isa = PBXGroup;
			children = (
				48AF6CF42007DD5700B833CB /* HomeFeedController.swift */,
			);
			name = Controller;
			sourceTree = "<group>";
		};
		48AF6CF32007DD4600B833CB /* View */ = {
			isa = PBXGroup;
			children = (
				48AF6CF72007DFCF00B833CB /* HomeFeedCell.swift */,
			);
			name = View;
			sourceTree = "<group>";
		};
		48BEAD911FF2C1FA00BF689F = {
			isa = PBXGroup;
			children = (
				48BEAD9C1FF2C1FA00BF689F /* Instasnaps */,
				48BEAD9B1FF2C1FA00BF689F /* Products */,
				3199756C88F9E6A9D88AC3F4 /* Pods */,
				700ADC1A90B2D6826FB0A450 /* Frameworks */,
			);
			sourceTree = "<group>";
		};
		48BEAD9B1FF2C1FA00BF689F /* Products */ = {
			isa = PBXGroup;
			children = (
				48BEAD9A1FF2C1FA00BF689F /* Instasnaps.app */,
			);
			name = Products;
			sourceTree = "<group>";
		};
		48BEAD9C1FF2C1FA00BF689F /* Instasnaps */ = {
			isa = PBXGroup;
			children = (
				48AF6CF12007DD3300B833CB /* HomeFeed */,
				48E6023B1FFA79C000E6C1A4 /* PhotoSelector */,
				48E602361FF90ED400E6C1A4 /* Login */,
				48E6022C1FF8B6B600E6C1A4 /* UserProfile */,
				48E602281FF8B5FC00E6C1A4 /* MainTabBar */,
				48BEADAF1FF41C3A00BF689F /* Helpers */,
				48BEAD9D1FF2C1FA00BF689F /* AppDelegate.swift */,
				48BEADA11FF2C1FA00BF689F /* Main.storyboard */,
				48BEADA41FF2C1FA00BF689F /* Assets.xcassets */,
				48BEADB51FF56A6500BF689F /* GoogleService-Info.plist */,
				48BEADA61FF2C1FA00BF689F /* LaunchScreen.storyboard */,
				48BEADA91FF2C1FA00BF689F /* Info.plist */,
			);
			path = Instasnaps;
			sourceTree = "<group>";
		};
		48BEADAF1FF41C3A00BF689F /* Helpers */ = {
			isa = PBXGroup;
			children = (
				48AF6CEE2007C96300B833CB /* FrameworkSubclass */,
				48BEADB01FF41C4A00BF689F /* Extensions */,
			);
			path = Helpers;
			sourceTree = "<group>";
		};
		48BEADB01FF41C4A00BF689F /* Extensions */ = {
			isa = PBXGroup;
			children = (
				48BEADB11FF41C6500BF689F /* UIColor+Extension.swift */,
				48BEADB31FF41D1200BF689F /* UIView+Extension.swift */,
				48AF6CF9200B2B3E00B833CB /* FirebaseDatabase+Extenstion.swift */,
			);
			path = Extensions;
			sourceTree = "<group>";
		};
		48E602281FF8B5FC00E6C1A4 /* MainTabBar */ = {
			isa = PBXGroup;
			children = (
				48E602291FF8B61800E6C1A4 /* Controller */,
			);
			name = MainTabBar;
			sourceTree = "<group>";
		};
		48E602291FF8B61800E6C1A4 /* Controller */ = {
			isa = PBXGroup;
			children = (
				48E6022A1FF8B63100E6C1A4 /* MainTabBarController.swift */,
			);
			name = Controller;
			sourceTree = "<group>";
		};
		48E6022C1FF8B6B600E6C1A4 /* UserProfile */ = {
			isa = PBXGroup;
			children = (
				48E602331FF8C50200E6C1A4 /* Model */,
				48E602301FF8C2DC00E6C1A4 /* View */,
				48E6022D1FF8B6C000E6C1A4 /* Controller */,
			);
			name = UserProfile;
			sourceTree = "<group>";
		};
		48E6022D1FF8B6C000E6C1A4 /* Controller */ = {
			isa = PBXGroup;
			children = (
				48E6022E1FF8B6CD00E6C1A4 /* UserProfileController.swift */,
			);
			name = Controller;
			sourceTree = "<group>";
		};
		48E602301FF8C2DC00E6C1A4 /* View */ = {
			isa = PBXGroup;
			children = (
				48E602311FF8C2ED00E6C1A4 /* UserProfileHeader.swift */,
				482DF9352003E57D003D16D7 /* UserProfilePhotoCollectionViewCell.swift */,
			);
			name = View;
			sourceTree = "<group>";
		};
		48E602331FF8C50200E6C1A4 /* Model */ = {
			isa = PBXGroup;
			children = (
				48E602341FF8C50B00E6C1A4 /* User.swift */,
				482DF9332003E45F003D16D7 /* Post.swift */,
			);
			name = Model;
			sourceTree = "<group>";
		};
		48E602361FF90ED400E6C1A4 /* Login */ = {
			isa = PBXGroup;
			children = (
				48E602381FF90EEB00E6C1A4 /* View */,
				48E602371FF90EE300E6C1A4 /* Controller */,
			);
			name = Login;
			sourceTree = "<group>";
		};
		48E602371FF90EE300E6C1A4 /* Controller */ = {
			isa = PBXGroup;
			children = (
				48BEAD9F1FF2C1FA00BF689F /* SignUpController.swift */,
				48E602391FF90EF800E6C1A4 /* LoginController.swift */,
			);
			name = Controller;
			sourceTree = "<group>";
		};
		48E602381FF90EEB00E6C1A4 /* View */ = {
			isa = PBXGroup;
			children = (
			);
			name = View;
			sourceTree = "<group>";
		};
		48E6023B1FFA79C000E6C1A4 /* PhotoSelector */ = {
			isa = PBXGroup;
			children = (
				48E6023E1FFA79E200E6C1A4 /* Model */,
				48E6023D1FFA79DC00E6C1A4 /* View */,
				48E6023C1FFA79CF00E6C1A4 /* Controller */,
			);
			name = PhotoSelector;
			sourceTree = "<group>";
		};
		48E6023C1FFA79CF00E6C1A4 /* Controller */ = {
			isa = PBXGroup;
			children = (
				48E6023F1FFA79F300E6C1A4 /* PhotoSelectorController.swift */,
				48E60265200137F700E6C1A4 /* SharePhotoController.swift */,
			);
			name = Controller;
			sourceTree = "<group>";
		};
		48E6023D1FFA79DC00E6C1A4 /* View */ = {
			isa = PBXGroup;
			children = (
				48E602411FFA93D300E6C1A4 /* PhotoCell.swift */,
				48E602431FFAB1B400E6C1A4 /* PhotoHeaderCell.swift */,
			);
			name = View;
			sourceTree = "<group>";
		};
		48E6023E1FFA79E200E6C1A4 /* Model */ = {
			isa = PBXGroup;
			children = (
			);
			name = Model;
			sourceTree = "<group>";
		};
		700ADC1A90B2D6826FB0A450 /* Frameworks */ = {
			isa = PBXGroup;
			children = (
				6C5499D5368156772A13A532 /* Pods_Instasnaps.framework */,
			);
			name = Frameworks;
			sourceTree = "<group>";
		};
/* End PBXGroup section */

/* Begin PBXNativeTarget section */
		48BEAD991FF2C1FA00BF689F /* Instasnaps */ = {
			isa = PBXNativeTarget;
			buildConfigurationList = 48BEADAC1FF2C1FA00BF689F /* Build configuration list for PBXNativeTarget "Instasnaps" */;
			buildPhases = (
				C7A451526948C5E113DF458A /* [CP] Check Pods Manifest.lock */,
				48BEAD961FF2C1FA00BF689F /* Sources */,
				48BEAD971FF2C1FA00BF689F /* Frameworks */,
				48BEAD981FF2C1FA00BF689F /* Resources */,
				7C5288E5D3B9B8E141F0FAA4 /* [CP] Embed Pods Frameworks */,
				A723D54CD52B32E8B50FF857 /* [CP] Copy Pods Resources */,
			);
			buildRules = (
			);
			dependencies = (
			);
			name = Instasnaps;
			productName = Instasnaps;
			productReference = 48BEAD9A1FF2C1FA00BF689F /* Instasnaps.app */;
			productType = "com.apple.product-type.application";
		};
/* End PBXNativeTarget section */

/* Begin PBXProject section */
		48BEAD921FF2C1FA00BF689F /* Project object */ = {
			isa = PBXProject;
			attributes = {
				LastSwiftUpdateCheck = 0920;
				LastUpgradeCheck = 0920;
				ORGANIZATIONNAME = AppDevelapp;
				TargetAttributes = {
					48BEAD991FF2C1FA00BF689F = {
						CreatedOnToolsVersion = 9.2;
						ProvisioningStyle = Automatic;
					};
				};
			};
			buildConfigurationList = 48BEAD951FF2C1FA00BF689F /* Build configuration list for PBXProject "Instasnaps" */;
			compatibilityVersion = "Xcode 8.0";
			developmentRegion = en;
			hasScannedForEncodings = 0;
			knownRegions = (
				en,
				Base,
			);
			mainGroup = 48BEAD911FF2C1FA00BF689F;
			productRefGroup = 48BEAD9B1FF2C1FA00BF689F /* Products */;
			projectDirPath = "";
			projectRoot = "";
			targets = (
				48BEAD991FF2C1FA00BF689F /* Instasnaps */,
			);
		};
/* End PBXProject section */

/* Begin PBXResourcesBuildPhase section */
		48BEAD981FF2C1FA00BF689F /* Resources */ = {
			isa = PBXResourcesBuildPhase;
			buildActionMask = 2147483647;
			files = (
				48BEADB61FF56A6500BF689F /* GoogleService-Info.plist in Resources */,
				48BEADA81FF2C1FA00BF689F /* LaunchScreen.storyboard in Resources */,
				48BEADA51FF2C1FA00BF689F /* Assets.xcassets in Resources */,
				48BEADA31FF2C1FA00BF689F /* Main.storyboard in Resources */,
			);
			runOnlyForDeploymentPostprocessing = 0;
		};
/* End PBXResourcesBuildPhase section */

/* Begin PBXShellScriptBuildPhase section */
		7C5288E5D3B9B8E141F0FAA4 /* [CP] Embed Pods Frameworks */ = {
			isa = PBXShellScriptBuildPhase;
			buildActionMask = 2147483647;
			files = (
			);
			inputPaths = (
				"${SRCROOT}/Pods/Target Support Files/Pods-Instasnaps/Pods-Instasnaps-frameworks.sh",
				"${BUILT_PRODUCTS_DIR}/GTMSessionFetcher/GTMSessionFetcher.framework",
				"${BUILT_PRODUCTS_DIR}/GoogleToolboxForMac/GoogleToolboxForMac.framework",
				"${BUILT_PRODUCTS_DIR}/leveldb-library/leveldb.framework",
				"${BUILT_PRODUCTS_DIR}/nanopb/nanopb.framework",
			);
			name = "[CP] Embed Pods Frameworks";
			outputPaths = (
				"${TARGET_BUILD_DIR}/${FRAMEWORKS_FOLDER_PATH}/GTMSessionFetcher.framework",
				"${TARGET_BUILD_DIR}/${FRAMEWORKS_FOLDER_PATH}/GoogleToolboxForMac.framework",
				"${TARGET_BUILD_DIR}/${FRAMEWORKS_FOLDER_PATH}/leveldb.framework",
				"${TARGET_BUILD_DIR}/${FRAMEWORKS_FOLDER_PATH}/nanopb.framework",
			);
			runOnlyForDeploymentPostprocessing = 0;
			shellPath = /bin/sh;
			shellScript = "\"${SRCROOT}/Pods/Target Support Files/Pods-Instasnaps/Pods-Instasnaps-frameworks.sh\"\n";
			showEnvVarsInLog = 0;
		};
		A723D54CD52B32E8B50FF857 /* [CP] Copy Pods Resources */ = {
			isa = PBXShellScriptBuildPhase;
			buildActionMask = 2147483647;
			files = (
			);
			inputPaths = (
			);
			name = "[CP] Copy Pods Resources";
			outputPaths = (
			);
			runOnlyForDeploymentPostprocessing = 0;
			shellPath = /bin/sh;
			shellScript = "\"${SRCROOT}/Pods/Target Support Files/Pods-Instasnaps/Pods-Instasnaps-resources.sh\"\n";
			showEnvVarsInLog = 0;
		};
		C7A451526948C5E113DF458A /* [CP] Check Pods Manifest.lock */ = {
			isa = PBXShellScriptBuildPhase;
			buildActionMask = 2147483647;
			files = (
			);
			inputPaths = (
				"${PODS_PODFILE_DIR_PATH}/Podfile.lock",
				"${PODS_ROOT}/Manifest.lock",
			);
			name = "[CP] Check Pods Manifest.lock";
			outputPaths = (
				"$(DERIVED_FILE_DIR)/Pods-Instasnaps-checkManifestLockResult.txt",
			);
			runOnlyForDeploymentPostprocessing = 0;
			shellPath = /bin/sh;
			shellScript = "diff \"${PODS_PODFILE_DIR_PATH}/Podfile.lock\" \"${PODS_ROOT}/Manifest.lock\" > /dev/null\nif [ $? != 0 ] ; then\n    # print error to STDERR\n    echo \"error: The sandbox is not in sync with the Podfile.lock. Run 'pod install' or update your CocoaPods installation.\" >&2\n    exit 1\nfi\n# This output is used by Xcode 'outputs' to avoid re-running this script phase.\necho \"SUCCESS\" > \"${SCRIPT_OUTPUT_FILE_0}\"\n";
			showEnvVarsInLog = 0;
		};
/* End PBXShellScriptBuildPhase section */

/* Begin PBXSourcesBuildPhase section */
		48BEAD961FF2C1FA00BF689F /* Sources */ = {
			isa = PBXSourcesBuildPhase;
			buildActionMask = 2147483647;
			files = (
				48BEADB21FF41C6500BF689F /* UIColor+Extension.swift in Sources */,
				482DF9362003E57D003D16D7 /* UserProfilePhotoCollectionViewCell.swift in Sources */,
				48E602321FF8C2ED00E6C1A4 /* UserProfileHeader.swift in Sources */,
				48BEADA01FF2C1FA00BF689F /* SignUpController.swift in Sources */,
				48E602441FFAB1B400E6C1A4 /* PhotoHeaderCell.swift in Sources */,
				48E6022F1FF8B6CD00E6C1A4 /* UserProfileController.swift in Sources */,
				482DF9342003E45F003D16D7 /* Post.swift in Sources */,
				48E6023A1FF90EF800E6C1A4 /* LoginController.swift in Sources */,
				48AF6CF52007DD5700B833CB /* HomeFeedController.swift in Sources */,
				48E602351FF8C50B00E6C1A4 /* User.swift in Sources */,
				48AF6CF82007DFCF00B833CB /* HomeFeedCell.swift in Sources */,
				48AF6CF02007C98400B833CB /* CustomImageView.swift in Sources */,
				48E6022B1FF8B63100E6C1A4 /* MainTabBarController.swift in Sources */,
				48E60266200137F700E6C1A4 /* SharePhotoController.swift in Sources */,
				48BEADB41FF41D1200BF689F /* UIView+Extension.swift in Sources */,
				48BEAD9E1FF2C1FA00BF689F /* AppDelegate.swift in Sources */,
				48AF6CFA200B2B3E00B833CB /* FirebaseDatabase+Extenstion.swift in Sources */,
				48E602421FFA93D300E6C1A4 /* PhotoCell.swift in Sources */,
				48E602401FFA79F300E6C1A4 /* PhotoSelectorController.swift in Sources */,
			);
			runOnlyForDeploymentPostprocessing = 0;
		};
/* End PBXSourcesBuildPhase section */

/* Begin PBXVariantGroup section */
		48BEADA11FF2C1FA00BF689F /* Main.storyboard */ = {
			isa = PBXVariantGroup;
			children = (
				48BEADA21FF2C1FA00BF689F /* Base */,
			);
			name = Main.storyboard;
			sourceTree = "<group>";
		};
		48BEADA61FF2C1FA00BF689F /* LaunchScreen.storyboard */ = {
			isa = PBXVariantGroup;
			children = (
				48BEADA71FF2C1FA00BF689F /* Base */,
			);
			name = LaunchScreen.storyboard;
			sourceTree = "<group>";
		};
/* End PBXVariantGroup section */

/* Begin XCBuildConfiguration section */
		48BEADAA1FF2C1FA00BF689F /* Debug */ = {
			isa = XCBuildConfiguration;
			buildSettings = {
				ALWAYS_SEARCH_USER_PATHS = NO;
				CLANG_ANALYZER_NONNULL = YES;
				CLANG_ANALYZER_NUMBER_OBJECT_CONVERSION = YES_AGGRESSIVE;
				CLANG_CXX_LANGUAGE_STANDARD = "gnu++14";
				CLANG_CXX_LIBRARY = "libc++";
				CLANG_ENABLE_MODULES = YES;
				CLANG_ENABLE_OBJC_ARC = YES;
				CLANG_WARN_BLOCK_CAPTURE_AUTORELEASING = YES;
				CLANG_WARN_BOOL_CONVERSION = YES;
				CLANG_WARN_COMMA = YES;
				CLANG_WARN_CONSTANT_CONVERSION = YES;
				CLANG_WARN_DIRECT_OBJC_ISA_USAGE = YES_ERROR;
				CLANG_WARN_DOCUMENTATION_COMMENTS = YES;
				CLANG_WARN_EMPTY_BODY = YES;
				CLANG_WARN_ENUM_CONVERSION = YES;
				CLANG_WARN_INFINITE_RECURSION = YES;
				CLANG_WARN_INT_CONVERSION = YES;
				CLANG_WARN_NON_LITERAL_NULL_CONVERSION = YES;
				CLANG_WARN_OBJC_LITERAL_CONVERSION = YES;
				CLANG_WARN_OBJC_ROOT_CLASS = YES_ERROR;
				CLANG_WARN_RANGE_LOOP_ANALYSIS = YES;
				CLANG_WARN_STRICT_PROTOTYPES = YES;
				CLANG_WARN_SUSPICIOUS_MOVE = YES;
				CLANG_WARN_UNGUARDED_AVAILABILITY = YES_AGGRESSIVE;
				CLANG_WARN_UNREACHABLE_CODE = YES;
				CLANG_WARN__DUPLICATE_METHOD_MATCH = YES;
				CODE_SIGN_IDENTITY = "iPhone Developer";
				COPY_PHASE_STRIP = NO;
				DEBUG_INFORMATION_FORMAT = dwarf;
				ENABLE_STRICT_OBJC_MSGSEND = YES;
				ENABLE_TESTABILITY = YES;
				GCC_C_LANGUAGE_STANDARD = gnu11;
				GCC_DYNAMIC_NO_PIC = NO;
				GCC_NO_COMMON_BLOCKS = YES;
				GCC_OPTIMIZATION_LEVEL = 0;
				GCC_PREPROCESSOR_DEFINITIONS = (
					"DEBUG=1",
					"$(inherited)",
				);
				GCC_WARN_64_TO_32_BIT_CONVERSION = YES;
				GCC_WARN_ABOUT_RETURN_TYPE = YES_ERROR;
				GCC_WARN_UNDECLARED_SELECTOR = YES;
				GCC_WARN_UNINITIALIZED_AUTOS = YES_AGGRESSIVE;
				GCC_WARN_UNUSED_FUNCTION = YES;
				GCC_WARN_UNUSED_VARIABLE = YES;
				IPHONEOS_DEPLOYMENT_TARGET = 11.2;
				MTL_ENABLE_DEBUG_INFO = YES;
				ONLY_ACTIVE_ARCH = YES;
				SDKROOT = iphoneos;
				SWIFT_ACTIVE_COMPILATION_CONDITIONS = DEBUG;
				SWIFT_OPTIMIZATION_LEVEL = "-Onone";
			};
			name = Debug;
		};
		48BEADAB1FF2C1FA00BF689F /* Release */ = {
			isa = XCBuildConfiguration;
			buildSettings = {
				ALWAYS_SEARCH_USER_PATHS = NO;
				CLANG_ANALYZER_NONNULL = YES;
				CLANG_ANALYZER_NUMBER_OBJECT_CONVERSION = YES_AGGRESSIVE;
				CLANG_CXX_LANGUAGE_STANDARD = "gnu++14";
				CLANG_CXX_LIBRARY = "libc++";
				CLANG_ENABLE_MODULES = YES;
				CLANG_ENABLE_OBJC_ARC = YES;
				CLANG_WARN_BLOCK_CAPTURE_AUTORELEASING = YES;
				CLANG_WARN_BOOL_CONVERSION = YES;
				CLANG_WARN_COMMA = YES;
				CLANG_WARN_CONSTANT_CONVERSION = YES;
				CLANG_WARN_DIRECT_OBJC_ISA_USAGE = YES_ERROR;
				CLANG_WARN_DOCUMENTATION_COMMENTS = YES;
				CLANG_WARN_EMPTY_BODY = YES;
				CLANG_WARN_ENUM_CONVERSION = YES;
				CLANG_WARN_INFINITE_RECURSION = YES;
				CLANG_WARN_INT_CONVERSION = YES;
				CLANG_WARN_NON_LITERAL_NULL_CONVERSION = YES;
				CLANG_WARN_OBJC_LITERAL_CONVERSION = YES;
				CLANG_WARN_OBJC_ROOT_CLASS = YES_ERROR;
				CLANG_WARN_RANGE_LOOP_ANALYSIS = YES;
				CLANG_WARN_STRICT_PROTOTYPES = YES;
				CLANG_WARN_SUSPICIOUS_MOVE = YES;
				CLANG_WARN_UNGUARDED_AVAILABILITY = YES_AGGRESSIVE;
				CLANG_WARN_UNREACHABLE_CODE = YES;
				CLANG_WARN__DUPLICATE_METHOD_MATCH = YES;
				CODE_SIGN_IDENTITY = "iPhone Developer";
				COPY_PHASE_STRIP = NO;
				DEBUG_INFORMATION_FORMAT = "dwarf-with-dsym";
				ENABLE_NS_ASSERTIONS = NO;
				ENABLE_STRICT_OBJC_MSGSEND = YES;
				GCC_C_LANGUAGE_STANDARD = gnu11;
				GCC_NO_COMMON_BLOCKS = YES;
				GCC_WARN_64_TO_32_BIT_CONVERSION = YES;
				GCC_WARN_ABOUT_RETURN_TYPE = YES_ERROR;
				GCC_WARN_UNDECLARED_SELECTOR = YES;
				GCC_WARN_UNINITIALIZED_AUTOS = YES_AGGRESSIVE;
				GCC_WARN_UNUSED_FUNCTION = YES;
				GCC_WARN_UNUSED_VARIABLE = YES;
				IPHONEOS_DEPLOYMENT_TARGET = 11.2;
				MTL_ENABLE_DEBUG_INFO = NO;
				SDKROOT = iphoneos;
				SWIFT_OPTIMIZATION_LEVEL = "-Owholemodule";
				VALIDATE_PRODUCT = YES;
			};
			name = Release;
		};
		48BEADAD1FF2C1FA00BF689F /* Debug */ = {
			isa = XCBuildConfiguration;
			baseConfigurationReference = 0C81A00BC4ECD9F8F37EEBCC /* Pods-Instasnaps.debug.xcconfig */;
			buildSettings = {
				ASSETCATALOG_COMPILER_APPICON_NAME = AppIcon;
				CODE_SIGN_STYLE = Automatic;
				DEVELOPMENT_TEAM = QK5A5T3HGQ;
				INFOPLIST_FILE = Instasnaps/Info.plist;
				LD_RUNPATH_SEARCH_PATHS = "$(inherited) @executable_path/Frameworks";
				PRODUCT_BUNDLE_IDENTIFIER = com.appdevelapp.Instasnaps;
				PRODUCT_NAME = "$(TARGET_NAME)";
				SWIFT_VERSION = 4.0;
				TARGETED_DEVICE_FAMILY = "1,2";
			};
			name = Debug;
		};
		48BEADAE1FF2C1FA00BF689F /* Release */ = {
			isa = XCBuildConfiguration;
			baseConfigurationReference = C5C2D0FEBFE2B8BB3735FC5A /* Pods-Instasnaps.release.xcconfig */;
			buildSettings = {
				ASSETCATALOG_COMPILER_APPICON_NAME = AppIcon;
				CODE_SIGN_STYLE = Automatic;
				DEVELOPMENT_TEAM = QK5A5T3HGQ;
				INFOPLIST_FILE = Instasnaps/Info.plist;
				LD_RUNPATH_SEARCH_PATHS = "$(inherited) @executable_path/Frameworks";
				PRODUCT_BUNDLE_IDENTIFIER = com.appdevelapp.Instasnaps;
				PRODUCT_NAME = "$(TARGET_NAME)";
				SWIFT_VERSION = 4.0;
				TARGETED_DEVICE_FAMILY = "1,2";
			};
			name = Release;
		};
/* End XCBuildConfiguration section */

/* Begin XCConfigurationList section */
		48BEAD951FF2C1FA00BF689F /* Build configuration list for PBXProject "Instasnaps" */ = {
			isa = XCConfigurationList;
			buildConfigurations = (
				48BEADAA1FF2C1FA00BF689F /* Debug */,
				48BEADAB1FF2C1FA00BF689F /* Release */,
			);
			defaultConfigurationIsVisible = 0;
			defaultConfigurationName = Release;
		};
		48BEADAC1FF2C1FA00BF689F /* Build configuration list for PBXNativeTarget "Instasnaps" */ = {
			isa = XCConfigurationList;
			buildConfigurations = (
				48BEADAD1FF2C1FA00BF689F /* Debug */,
				48BEADAE1FF2C1FA00BF689F /* Release */,
			);
			defaultConfigurationIsVisible = 0;
			defaultConfigurationName = Release;
		};
/* End XCConfigurationList section */
	};
	rootObject = 48BEAD921FF2C1FA00BF689F /* Project object */;
}
